
Microsoft Visual Studio Solution File, Format Version 12.00
Project("{FAE04EC0-301F-11D3-BF4B-00C04F79EFBC}") = "Mentoory.Web", "Mentoory.Web\Mentoory.Web.csproj", "{A76A4685-5FC6-4E4D-BAD1-7600902E131E}"
EndProject
Project("{FAE04EC0-301F-11D3-BF4B-00C04F79EFBC}") = "Mentoory.Aspire.AppHost.AppHost", "Mentoory.Aspire.AppHost\Mentoory.Aspire.AppHost.AppHost.csproj", "{289BBA9E-59E6-4582-B073-EAC250090D95}"
EndProject
Project("{FAE04EC0-301F-11D3-BF4B-00C04F79EFBC}") = "Mentoory.Aspire.AppHost.ServiceDefaults", "Mentoory.Aspire.AppHost.ServiceDefaults\Mentoory.Aspire.AppHost.ServiceDefaults.csproj", "{787A88FF-962D-4D01-AE38-1BC9D9984EA7}"
EndProject
Project("{2150E333-8FDC-42A3-9474-1A3956D46DE8}") = "Aspire", "Aspire", "{18B750F0-0282-488D-91E7-175149D7D314}"
EndProject
Project("{2150E333-8FDC-42A3-9474-1A3956D46DE8}") = "Web", "Web", "{45F210DD-9737-4CBB-9CFD-3DE1620ABE32}"
EndProject
Project("{2150E333-8FDC-42A3-9474-1A3956D46DE8}") = "Solution Items", "Solution Items", "{4C1641DA-D99C-44EA-892C-DD9FF49723D1}"
	ProjectSection(SolutionItems) = preProject
		README.md = README.md
		sqlserver2022-docker-recreate.md = sqlserver2022-docker-recreate.md
		global.json = global.json
		Directory.Build.props = Directory.Build.props
		Directory.Packages.props = Directory.Packages.props
		delete-bin-obj.sh = delete-bin-obj.sh
		Analyzers.ruleset = Analyzers.ruleset
		aspire.config.json = aspire.config.json
		Mentoory.Db\MentooryDb.Development.publish.xml = Mentoory.Db\MentooryDb.Development.publish.xml
		Mentoory.Db\publish-mentoorydb.sh = Mentoory.Db\publish-mentoorydb.sh
		Mentoory.Db\MentooryDb.publish.xml = Mentoory.Db\MentooryDb.publish.xml
	EndProjectSection
EndProject
Project("{2150E333-8FDC-42A3-9474-1A3956D46DE8}") = "Db", "Db", "{33306CCE-B21F-4D75-8FF8-A179B9391756}"
EndProject
Project("{42EA0DBD-9CF1-443E-919E-BE9C484E4577}") = "MentooryDb", "Mentoory.Db\MentooryDb.sqlproj", "{D8BD1811-5E7F-5A40-2F30-1E5E80A2D37B}"
EndProject
Project("{2150E333-8FDC-42A3-9474-1A3956D46DE8}") = "Modules.Shared", "Modules.Shared", "{877CDD8C-D4F8-4F90-B655-41D4766B7128}"
EndProject
Project("{FAE04EC0-301F-11D3-BF4B-00C04F79EFBC}") = "Mentoory.Shared.Application", "Mentoory.Shared.Application\Mentoory.Shared.Application.csproj", "{25D8A8BC-34A5-4236-8BF2-854887933A6F}"
EndProject
Project("{FAE04EC0-301F-11D3-BF4B-00C04F79EFBC}") = "Mentoory.Shared.Domain", "Mentoory.Shared.Domain\Mentoory.Shared.Domain.csproj", "{3F800360-80B7-4287-81ED-18BCA06CB5AC}"
EndProject
Project("{FAE04EC0-301F-11D3-BF4B-00C04F79EFBC}") = "Mentoory.Shared.Infrastructure", "Mentoory.Shared.Infrastructure\Mentoory.Shared.Infrastructure.csproj", "{3B358796-5EF1-41C9-A590-94D2F4B6B5E4}"
EndProject
Project("{2150E333-8FDC-42A3-9474-1A3956D46DE8}") = "Modules", "Modules", "{241CEA68-33B1-4638-80A5-1840C527ACB9}"
EndProject
Project("{FAE04EC0-301F-11D3-BF4B-00C04F79EFBC}") = "Mentoory.Example.Application", "Mentoory.Example.Application\Mentoory.Example.Application.csproj", "{C18E1929-0A81-459C-858A-49391115A935}"
EndProject
Project("{FAE04EC0-301F-11D3-BF4B-00C04F79EFBC}") = "Mentoory.Example.Domain", "Mentoory.Example.Domain\Mentoory.Example.Domain.csproj", "{ADC6D712-FF9C-4335-93AC-C9103B443512}"
EndProject
Project("{FAE04EC0-301F-11D3-BF4B-00C04F79EFBC}") = "Mentoory.Example.Infrastructure", "Mentoory.Example.Infrastructure\Mentoory.Example.Infrastructure.csproj", "{29620EBA-0C5B-4C66-AA70-EC482B81CE4B}"
EndProject
Project("{2150E333-8FDC-42A3-9474-1A3956D46DE8}") = "Tenant", "Tenant", "{4C1F38D3-C716-95B4-18BD-32257F2F06C6}"
EndProject
Project("{FAE04EC0-301F-11D3-BF4B-00C04F79EFBC}") = "Mentoory.Tenant.Domain", "Mentoory.Tenant.Domain\Mentoory.Tenant.Domain.csproj", "{02CC2E44-0D92-4C46-9457-D4C70D1AEE31}"
EndProject
Project("{FAE04EC0-301F-11D3-BF4B-00C04F79EFBC}") = "Mentoory.Tenant.Application", "Mentoory.Tenant.Application\Mentoory.Tenant.Application.csproj", "{69CB0B7B-C39F-48E5-BDB5-3E42C7125129}"
EndProject
Project("{FAE04EC0-301F-11D3-BF4B-00C04F79EFBC}") = "Mentoory.Tenant.Infrastructure", "Mentoory.Tenant.Infrastructure\Mentoory.Tenant.Infrastructure.csproj", "{FA725199-DED0-48A5-A94A-4FE2ED5FA048}"
EndProject
Project("{2150E333-8FDC-42A3-9474-1A3956D46DE8}") = "Diagnostic", "Diagnostic", "{B4DFD786-7753-49FA-9597-2B7479178191}"
EndProject
Project("{FAE04EC0-301F-11D3-BF4B-00C04F79EFBC}") = "Mentoory.Diagnostic.Domain", "Mentoory.Diagnostic.Domain\Mentoory.Diagnostic.Domain.csproj", "{C7055272-775C-4CE5-A22E-9D694881E222}"
EndProject
Project("{FAE04EC0-301F-11D3-BF4B-00C04F79EFBC}") = "Mentoory.Diagnostic.Application", "Mentoory.Diagnostic.Application\Mentoory.Diagnostic.Application.csproj", "{E80F9CE4-505B-4C18-A01F-6341B7E48AA9}"
EndProject
Project("{FAE04EC0-301F-11D3-BF4B-00C04F79EFBC}") = "Mentoory.Diagnostic.Infrastructure", "Mentoory.Diagnostic.Infrastructure\Mentoory.Diagnostic.Infrastructure.csproj", "{6F2796BC-62A4-43B9-9237-5DA2A38EE6F8}"
EndProject
Project("{2150E333-8FDC-42A3-9474-1A3956D46DE8}") = "Knowledge", "Knowledge", "{71D4C46B-03DC-C1ED-B646-114663990D11}"
EndProject
Project("{FAE04EC0-301F-11D3-BF4B-00C04F79EFBC}") = "Mentoory.Knowledge.Domain", "Mentoory.Knowledge.Domain\Mentoory.Knowledge.Domain.csproj", "{F977E8CA-30C7-409D-B7A3-72D8A7BF0599}"
EndProject
Project("{FAE04EC0-301F-11D3-BF4B-00C04F79EFBC}") = "Mentoory.Knowledge.Application", "Mentoory.Knowledge.Application\Mentoory.Knowledge.Application.csproj", "{1FB4CA3A-82EA-447B-B58D-B4E6A5308081}"
EndProject
Project("{FAE04EC0-301F-11D3-BF4B-00C04F79EFBC}") = "Mentoory.Knowledge.Infrastructure", "Mentoory.Knowledge.Infrastructure\Mentoory.Knowledge.Infrastructure.csproj", "{94E8F9F5-DC51-44DB-9FEC-763500E9B865}"
EndProject
Project("{2150E333-8FDC-42A3-9474-1A3956D46DE8}") = "Mentoring", "Mentoring", "{95DECB28-18BE-7F62-8CEC-9B3AE82B1CBC}"
EndProject
Project("{FAE04EC0-301F-11D3-BF4B-00C04F79EFBC}") = "Mentoory.Mentoring.Domain", "Mentoory.Mentoring.Domain\Mentoory.Mentoring.Domain.csproj", "{8903549A-AE2D-4256-BA9A-D5AACEF5FB30}"
EndProject
Project("{FAE04EC0-301F-11D3-BF4B-00C04F79EFBC}") = "Mentoory.Mentoring.Application", "Mentoory.Mentoring.Application\Mentoory.Mentoring.Application.csproj", "{831C29FE-489C-4B55-8CAC-77BB242B3F87}"
EndProject
Project("{FAE04EC0-301F-11D3-BF4B-00C04F79EFBC}") = "Mentoory.Mentoring.Infrastructure", "Mentoory.Mentoring.Infrastructure\Mentoory.Mentoring.Infrastructure.csproj", "{749971C1-F22F-4E84-BACF-000DDB260C17}"
EndProject
Project("{2150E333-8FDC-42A3-9474-1A3956D46DE8}") = "Subscription", "Subscription", "{95FA2522-2B8D-54ED-57E0-8FF821B49A91}"
EndProject
Project("{FAE04EC0-301F-11D3-BF4B-00C04F79EFBC}") = "Mentoory.Subscription.Domain", "Mentoory.Subscription.Domain\Mentoory.Subscription.Domain.csproj", "{A058A014-C8E6-4B44-BEE5-31B78F546EAC}"
EndProject
Project("{FAE04EC0-301F-11D3-BF4B-00C04F79EFBC}") = "Mentoory.Subscription.Application", "Mentoory.Subscription.Application\Mentoory.Subscription.Application.csproj", "{035F7051-795C-43FB-B1B8-9DBC2A9F892E}"
EndProject
Project("{FAE04EC0-301F-11D3-BF4B-00C04F79EFBC}") = "Mentoory.Subscription.Infrastructure", "Mentoory.Subscription.Infrastructure\Mentoory.Subscription.Infrastructure.csproj", "{CEA062FD-D430-4488-83E1-EEC4AC08B94C}"
EndProject
Project("{2150E333-8FDC-42A3-9474-1A3956D46DE8}") = "Notification", "Notification", "{3F684D0C-8ECB-245E-6EFA-2D6D061B3E06}"
EndProject
Project("{FAE04EC0-301F-11D3-BF4B-00C04F79EFBC}") = "Mentoory.Notification.Domain", "Mentoory.Notification.Domain\Mentoory.Notification.Domain.csproj", "{EE41D1CC-B726-4285-BF1F-0C36781957F1}"
EndProject
Project("{FAE04EC0-301F-11D3-BF4B-00C04F79EFBC}") = "Mentoory.Notification.Application", "Mentoory.Notification.Application\Mentoory.Notification.Application.csproj", "{D766E426-1A82-4418-8E42-E58B4DB351A8}"
EndProject
Project("{FAE04EC0-301F-11D3-BF4B-00C04F79EFBC}") = "Mentoory.Notification.Infrastructure", "Mentoory.Notification.Infrastructure\Mentoory.Notification.Infrastructure.csproj", "{51896DAC-8980-4D57-AC47-C01F496392FC}"
EndProject
Project("{2150E333-8FDC-42A3-9474-1A3956D46DE8}") = "Tests", "Tests", "{0AB3BF05-4346-4AA6-1389-037BE0695223}"
EndProject
Project("{FAE04EC0-301F-11D3-BF4B-00C04F79EFBC}") = "Mentoory.Tenant.Tests", "tests\Mentoory.Tenant.Tests\Mentoory.Tenant.Tests.csproj", "{FB33AA0C-4A67-4429-87B8-BE8C2F93EDCD}"
EndProject
Project("{FAE04EC0-301F-11D3-BF4B-00C04F79EFBC}") = "Mentoory.Diagnostic.Tests", "tests\Mentoory.Diagnostic.Tests\Mentoory.Diagnostic.Tests.csproj", "{4D61D2A7-CD39-4C79-887C-7109410E681F}"
EndProject
Project("{FAE04EC0-301F-11D3-BF4B-00C04F79EFBC}") = "Mentoory.Knowledge.Tests", "tests\Mentoory.Knowledge.Tests\Mentoory.Knowledge.Tests.csproj", "{EEB1648E-BE05-4171-A287-6F5202CDF259}"
EndProject
Project("{FAE04EC0-301F-11D3-BF4B-00C04F79EFBC}") = "Mentoory.Mentoring.Tests", "tests\Mentoory.Mentoring.Tests\Mentoory.Mentoring.Tests.csproj", "{C3725C95-B09D-4893-B4B6-44D22615DA2B}"
EndProject
Project("{FAE04EC0-301F-11D3-BF4B-00C04F79EFBC}") = "Mentoory.Subscription.Tests", "tests\Mentoory.Subscription.Tests\Mentoory.Subscription.Tests.csproj", "{AC38D0AE-551A-4D78-B06A-1D1E7C69A9BA}"
EndProject
Project("{FAE04EC0-301F-11D3-BF4B-00C04F79EFBC}") = "Mentoory.Notification.Tests", "tests\Mentoory.Notification.Tests\Mentoory.Notification.Tests.csproj", "{4B3A8D1D-1285-459E-BC43-EC09D7067C96}"
EndProject
Project("{FAE04EC0-301F-11D3-BF4B-00C04F79EFBC}") = "Mentoory.Tests.Integration", "tests\Mentoory.Tests.Integration\Mentoory.Tests.Integration.csproj", "{AAE063F6-2DB0-4E3E-8999-E224E97E3D52}"
EndProject
Project("{FAE04EC0-301F-11D3-BF4B-00C04F79EFBC}") = "Mentoory.Tests.E2E", "tests\Mentoory.Tests.E2E\Mentoory.Tests.E2E.csproj", "{2501278D-9CE9-4033-9CD4-B4C4B2902954}"
EndProject
Project("{2150E333-8FDC-42A3-9474-1A3956D46DE8}") = "Example", "Example", "{A213591D-2F06-46E9-B5AE-B1F663074417}"
EndProject
Project("{2150E333-8FDC-42A3-9474-1A3956D46DE8}") = "Access", "Access", "{42CE624E-8FB4-11FE-339D-FA58CAE39C8F}"
EndProject
Project("{FAE04EC0-301F-11D3-BF4B-00C04F79EFBC}") = "Mentoory.Access.Domain", "Mentoory.Access.Domain\Mentoory.Access.Domain.csproj", "{317E6082-4594-4F53-A416-E33557FC8766}"
EndProject
Project("{FAE04EC0-301F-11D3-BF4B-00C04F79EFBC}") = "Mentoory.Access.Application", "Mentoory.Access.Application\Mentoory.Access.Application.csproj", "{1BA1350B-4E3B-4688-B30C-B5C3733A662A}"
EndProject
Project("{FAE04EC0-301F-11D3-BF4B-00C04F79EFBC}") = "Mentoory.Access.Infrastructure", "Mentoory.Access.Infrastructure\Mentoory.Access.Infrastructure.csproj", "{AEA2A836-6A72-4ACA-995D-4EE1836988A6}"
EndProject
Project("{FAE04EC0-301F-11D3-BF4B-00C04F79EFBC}") = "Mentoory.Access.Tests", "tests\Mentoory.Access.Tests\Mentoory.Access.Tests.csproj", "{21C3F197-A298-4E84-B0CF-DB3081235FD2}"
EndProject
Project("{FAE04EC0-301F-11D3-BF4B-00C04F79EFBC}") = "Mentoory.Tests.Architecture", "tests\Mentoory.Tests.Architecture\Mentoory.Tests.Architecture.csproj", "{ED67EBC7-0FC2-462F-B3BF-3C459E2C2464}"
EndProject
Project("{FAE04EC0-301F-11D3-BF4B-00C04F79EFBC}") = "Mentoory.Shared.Application.Tests", "tests\Mentoory.Shared.Application.Tests\Mentoory.Shared.Application.Tests.csproj", "{51B603C5-D0F9-4B76-8ACE-A1EDC8C78F1F}"
EndProject
Global
	GlobalSection(SolutionConfigurationPlatforms) = preSolution
		Debug|Any CPU = Debug|Any CPU
		Debug|x64 = Debug|x64
		Debug|x86 = Debug|x86
		Release|Any CPU = Release|Any CPU
		Release|x64 = Release|x64
		Release|x86 = Release|x86
	EndGlobalSection
	GlobalSection(ProjectConfigurationPlatforms) = postSolution
		{A76A4685-5FC6-4E4D-BAD1-7600902E131E}.Debug|Any CPU.ActiveCfg = Debug|Any CPU
		{A76A4685-5FC6-4E4D-BAD1-7600902E131E}.Debug|Any CPU.Build.0 = Debug|Any CPU
		{A76A4685-5FC6-4E4D-BAD1-7600902E131E}.Debug|x64.ActiveCfg = Debug|Any CPU
		{A76A4685-5FC6-4E4D-BAD1-7600902E131E}.Debug|x64.Build.0 = Debug|Any CPU
		{A76A4685-5FC6-4E4D-BAD1-7600902E131E}.Debug|x86.ActiveCfg = Debug|Any CPU
		{A76A4685-5FC6-4E4D-BAD1-7600902E131E}.Debug|x86.Build.0 = Debug|Any CPU
		{A76A4685-5FC6-4E4D-BAD1-7600902E131E}.Release|Any CPU.ActiveCfg = Release|Any CPU
		{A76A4685-5FC6-4E4D-BAD1-7600902E131E}.Release|Any CPU.Build.0 = Release|Any CPU
		{A76A4685-5FC6-4E4D-BAD1-7600902E131E}.Release|x64.ActiveCfg = Release|Any CPU
		{A76A4685-5FC6-4E4D-BAD1-7600902E131E}.Release|x64.Build.0 = Release|Any CPU
		{A76A4685-5FC6-4E4D-BAD1-7600902E131E}.Release|x86.ActiveCfg = Release|Any CPU
		{A76A4685-5FC6-4E4D-BAD1-7600902E131E}.Release|x86.Build.0 = Release|Any CPU
		{289BBA9E-59E6-4582-B073-EAC250090D95}.Debug|Any CPU.ActiveCfg = Debug|Any CPU
		{289BBA9E-59E6-4582-B073-EAC250090D95}.Debug|Any CPU.Build.0 = Debug|Any CPU
		{289BBA9E-59E6-4582-B073-EAC250090D95}.Debug|x64.ActiveCfg = Debug|Any CPU
		{289BBA9E-59E6-4582-B073-EAC250090D95}.Debug|x64.Build.0 = Debug|Any CPU
		{289BBA9E-59E6-4582-B073-EAC250090D95}.Debug|x86.ActiveCfg = Debug|Any CPU
		{289BBA9E-59E6-4582-B073-EAC250090D95}.Debug|x86.Build.0 = Debug|Any CPU
		{289BBA9E-59E6-4582-B073-EAC250090D95}.Release|Any CPU.ActiveCfg = Release|Any CPU
		{289BBA9E-59E6-4582-B073-EAC250090D95}.Release|Any CPU.Build.0 = Release|Any CPU
		{289BBA9E-59E6-4582-B073-EAC250090D95}.Release|x64.ActiveCfg = Release|Any CPU
		{289BBA9E-59E6-4582-B073-EAC250090D95}.Release|x64.Build.0 = Release|Any CPU
		{289BBA9E-59E6-4582-B073-EAC250090D95}.Release|x86.ActiveCfg = Release|Any CPU
		{289BBA9E-59E6-4582-B073-EAC250090D95}.Release|x86.Build.0 = Release|Any CPU
		{787A88FF-962D-4D01-AE38-1BC9D9984EA7}.Debug|Any CPU.ActiveCfg = Debug|Any CPU
		{787A88FF-962D-4D01-AE38-1BC9D9984EA7}.Debug|Any CPU.Build.0 = Debug|Any CPU
		{787A88FF-962D-4D01-AE38-1BC9D9984EA7}.Debug|x64.ActiveCfg = Debug|Any CPU
		{787A88FF-962D-4D01-AE38-1BC9D9984EA7}.Debug|x64.Build.0 = Debug|Any CPU
		{787A88FF-962D-4D01-AE38-1BC9D9984EA7}.Debug|x86.ActiveCfg = Debug|Any CPU
		{787A88FF-962D-4D01-AE38-1BC9D9984EA7}.Debug|x86.Build.0 = Debug|Any CPU
		{787A88FF-962D-4D01-AE38-1BC9D9984EA7}.Release|Any CPU.ActiveCfg = Release|Any CPU
		{787A88FF-962D-4D01-AE38-1BC9D9984EA7}.Release|Any CPU.Build.0 = Release|Any CPU
		{787A88FF-962D-4D01-AE38-1BC9D9984EA7}.Release|x64.ActiveCfg = Release|Any CPU
		{787A88FF-962D-4D01-AE38-1BC9D9984EA7}.Release|x64.Build.0 = Release|Any CPU
		{787A88FF-962D-4D01-AE38-1BC9D9984EA7}.Release|x86.ActiveCfg = Release|Any CPU
		{787A88FF-962D-4D01-AE38-1BC9D9984EA7}.Release|x86.Build.0 = Release|Any CPU
		{25D8A8BC-34A5-4236-8BF2-854887933A6F}.Debug|Any CPU.ActiveCfg = Debug|Any CPU
		{25D8A8BC-34A5-4236-8BF2-854887933A6F}.Debug|Any CPU.Build.0 = Debug|Any CPU
		{25D8A8BC-34A5-4236-8BF2-854887933A6F}.Debug|x64.ActiveCfg = Debug|Any CPU
		{25D8A8BC-34A5-4236-8BF2-854887933A6F}.Debug|x64.Build.0 = Debug|Any CPU
		{25D8A8BC-34A5-4236-8BF2-854887933A6F}.Debug|x86.ActiveCfg = Debug|Any CPU
		{25D8A8BC-34A5-4236-8BF2-854887933A6F}.Debug|x86.Build.0 = Debug|Any CPU
		{25D8A8BC-34A5-4236-8BF2-854887933A6F}.Release|Any CPU.ActiveCfg = Release|Any CPU
		{25D8A8BC-34A5-4236-8BF2-854887933A6F}.Release|Any CPU.Build.0 = Release|Any CPU
		{25D8A8BC-34A5-4236-8BF2-854887933A6F}.Release|x64.ActiveCfg = Release|Any CPU
		{25D8A8BC-34A5-4236-8BF2-854887933A6F}.Release|x64.Build.0 = Release|Any CPU
		{25D8A8BC-34A5-4236-8BF2-854887933A6F}.Release|x86.ActiveCfg = Release|Any CPU
		{25D8A8BC-34A5-4236-8BF2-854887933A6F}.Release|x86.Build.0 = Release|Any CPU
		{3F800360-80B7-4287-81ED-18BCA06CB5AC}.Debug|Any CPU.ActiveCfg = Debug|Any CPU
		{3F800360-80B7-4287-81ED-18BCA06CB5AC}.Debug|Any CPU.Build.0 = Debug|Any CPU
		{3F800360-80B7-4287-81ED-18BCA06CB5AC}.Debug|x64.ActiveCfg = Debug|Any CPU
		{3F800360-80B7-4287-81ED-18BCA06CB5AC}.Debug|x64.Build.0 = Debug|Any CPU
		{3F800360-80B7-4287-81ED-18BCA06CB5AC}.Debug|x86.ActiveCfg = Debug|Any CPU
		{3F800360-80B7-4287-81ED-18BCA06CB5AC}.Debug|x86.Build.0 = Debug|Any CPU
		{3F800360-80B7-4287-81ED-18BCA06CB5AC}.Release|Any CPU.ActiveCfg = Release|Any CPU
		{3F800360-80B7-4287-81ED-18BCA06CB5AC}.Release|Any CPU.Build.0 = Release|Any CPU
		{3F800360-80B7-4287-81ED-18BCA06CB5AC}.Release|x64.ActiveCfg = Release|Any CPU
		{3F800360-80B7-4287-81ED-18BCA06CB5AC}.Release|x64.Build.0 = Release|Any CPU
		{3F800360-80B7-4287-81ED-18BCA06CB5AC}.Release|x86.ActiveCfg = Release|Any CPU
		{3F800360-80B7-4287-81ED-18BCA06CB5AC}.Release|x86.Build.0 = Release|Any CPU
		{3B358796-5EF1-41C9-A590-94D2F4B6B5E4}.Debug|Any CPU.ActiveCfg = Debug|Any CPU
		{3B358796-5EF1-41C9-A590-94D2F4B6B5E4}.Debug|Any CPU.Build.0 = Debug|Any CPU
		{3B358796-5EF1-41C9-A590-94D2F4B6B5E4}.Debug|x64.ActiveCfg = Debug|Any CPU
		{3B358796-5EF1-41C9-A590-94D2F4B6B5E4}.Debug|x64.Build.0 = Debug|Any CPU
		{3B358796-5EF1-41C9-A590-94D2F4B6B5E4}.Debug|x86.ActiveCfg = Debug|Any CPU
		{3B358796-5EF1-41C9-A590-94D2F4B6B5E4}.Debug|x86.Build.0 = Debug|Any CPU
		{3B358796-5EF1-41C9-A590-94D2F4B6B5E4}.Release|Any CPU.ActiveCfg = Release|Any CPU
		{3B358796-5EF1-41C9-A590-94D2F4B6B5E4}.Release|Any CPU.Build.0 = Release|Any CPU
		{3B358796-5EF1-41C9-A590-94D2F4B6B5E4}.Release|x64.ActiveCfg = Release|Any CPU
		{3B358796-5EF1-41C9-A590-94D2F4B6B5E4}.Release|x64.Build.0 = Release|Any CPU
		{3B358796-5EF1-41C9-A590-94D2F4B6B5E4}.Release|x86.ActiveCfg = Release|Any CPU
		{3B358796-5EF1-41C9-A590-94D2F4B6B5E4}.Release|x86.Build.0 = Release|Any CPU
		{C18E1929-0A81-459C-858A-49391115A935}.Debug|Any CPU.ActiveCfg = Debug|Any CPU
		{C18E1929-0A81-459C-858A-49391115A935}.Debug|Any CPU.Build.0 = Debug|Any CPU
		{C18E1929-0A81-459C-858A-49391115A935}.Debug|x64.ActiveCfg = Debug|Any CPU
		{C18E1929-0A81-459C-858A-49391115A935}.Debug|x64.Build.0 = Debug|Any CPU
		{C18E1929-0A81-459C-858A-49391115A935}.Debug|x86.ActiveCfg = Debug|Any CPU
		{C18E1929-0A81-459C-858A-49391115A935}.Debug|x86.Build.0 = Debug|Any CPU
		{C18E1929-0A81-459C-858A-49391115A935}.Release|Any CPU.ActiveCfg = Release|Any CPU
		{C18E1929-0A81-459C-858A-49391115A935}.Release|Any CPU.Build.0 = Release|Any CPU
		{C18E1929-0A81-459C-858A-49391115A935}.Release|x64.ActiveCfg = Release|Any CPU
		{C18E1929-0A81-459C-858A-49391115A935}.Release|x64.Build.0 = Release|Any CPU
		{C18E1929-0A81-459C-858A-49391115A935}.Release|x86.ActiveCfg = Release|Any CPU
		{C18E1929-0A81-459C-858A-49391115A935}.Release|x86.Build.0 = Release|Any CPU
		{ADC6D712-FF9C-4335-93AC-C9103B443512}.Debug|Any CPU.ActiveCfg = Debug|Any CPU
		{ADC6D712-FF9C-4335-93AC-C9103B443512}.Debug|Any CPU.Build.0 = Debug|Any CPU
		{ADC6D712-FF9C-4335-93AC-C9103B443512}.Debug|x64.ActiveCfg = Debug|Any CPU
		{ADC6D712-FF9C-4335-93AC-C9103B443512}.Debug|x64.Build.0 = Debug|Any CPU
		{ADC6D712-FF9C-4335-93AC-C9103B443512}.Debug|x86.ActiveCfg = Debug|Any CPU
		{ADC6D712-FF9C-4335-93AC-C9103B443512}.Debug|x86.Build.0 = Debug|Any CPU
		{ADC6D712-FF9C-4335-93AC-C9103B443512}.Release|Any CPU.ActiveCfg = Release|Any CPU
		{ADC6D712-FF9C-4335-93AC-C9103B443512}.Release|Any CPU.Build.0 = Release|Any CPU
		{ADC6D712-FF9C-4335-93AC-C9103B443512}.Release|x64.ActiveCfg = Release|Any CPU
		{ADC6D712-FF9C-4335-93AC-C9103B443512}.Release|x64.Build.0 = Release|Any CPU
		{ADC6D712-FF9C-4335-93AC-C9103B443512}.Release|x86.ActiveCfg = Release|Any CPU
		{ADC6D712-FF9C-4335-93AC-C9103B443512}.Release|x86.Build.0 = Release|Any CPU
		{29620EBA-0C5B-4C66-AA70-EC482B81CE4B}.Debug|Any CPU.ActiveCfg = Debug|Any CPU
		{29620EBA-0C5B-4C66-AA70-EC482B81CE4B}.Debug|Any CPU.Build.0 = Debug|Any CPU
		{29620EBA-0C5B-4C66-AA70-EC482B81CE4B}.Debug|x64.ActiveCfg = Debug|Any CPU
		{29620EBA-0C5B-4C66-AA70-EC482B81CE4B}.Debug|x64.Build.0 = Debug|Any CPU
		{29620EBA-0C5B-4C66-AA70-EC482B81CE4B}.Debug|x86.ActiveCfg = Debug|Any CPU
		{29620EBA-0C5B-4C66-AA70-EC482B81CE4B}.Debug|x86.Build.0 = Debug|Any CPU
		{29620EBA-0C5B-4C66-AA70-EC482B81CE4B}.Release|Any CPU.ActiveCfg = Release|Any CPU
		{29620EBA-0C5B-4C66-AA70-EC482B81CE4B}.Release|Any CPU.Build.0 = Release|Any CPU
		{29620EBA-0C5B-4C66-AA70-EC482B81CE4B}.Release|x64.ActiveCfg = Release|Any CPU
		{29620EBA-0C5B-4C66-AA70-EC482B81CE4B}.Release|x64.Build.0 = Release|Any CPU
		{29620EBA-0C5B-4C66-AA70-EC482B81CE4B}.Release|x86.ActiveCfg = Release|Any CPU
		{29620EBA-0C5B-4C66-AA70-EC482B81CE4B}.Release|x86.Build.0 = Release|Any CPU
		{02CC2E44-0D92-4C46-9457-D4C70D1AEE31}.Debug|Any CPU.ActiveCfg = Debug|Any CPU
		{02CC2E44-0D92-4C46-9457-D4C70D1AEE31}.Debug|Any CPU.Build.0 = Debug|Any CPU
		{02CC2E44-0D92-4C46-9457-D4C70D1AEE31}.Debug|x64.ActiveCfg = Debug|Any CPU
		{02CC2E44-0D92-4C46-9457-D4C70D1AEE31}.Debug|x64.Build.0 = Debug|Any CPU
		{02CC2E44-0D92-4C46-9457-D4C70D1AEE31}.Debug|x86.ActiveCfg = Debug|Any CPU
		{02CC2E44-0D92-4C46-9457-D4C70D1AEE31}.Debug|x86.Build.0 = Debug|Any CPU
		{02CC2E44-0D92-4C46-9457-D4C70D1AEE31}.Release|Any CPU.ActiveCfg = Release|Any CPU
		{02CC2E44-0D92-4C46-9457-D4C70D1AEE31}.Release|Any CPU.Build.0 = Release|Any CPU
		{02CC2E44-0D92-4C46-9457-D4C70D1AEE31}.Release|x64.ActiveCfg = Release|Any CPU
		{02CC2E44-0D92-4C46-9457-D4C70D1AEE31}.Release|x64.Build.0 = Release|Any CPU
		{02CC2E44-0D92-4C46-9457-D4C70D1AEE31}.Release|x86.ActiveCfg = Release|Any CPU
		{02CC2E44-0D92-4C46-9457-D4C70D1AEE31}.Release|x86.Build.0 = Release|Any CPU
		{69CB0B7B-C39F-48E5-BDB5-3E42C7125129}.Debug|Any CPU.ActiveCfg = Debug|Any CPU
		{69CB0B7B-C39F-48E5-BDB5-3E42C7125129}.Debug|Any CPU.Build.0 = Debug|Any CPU
		{69CB0B7B-C39F-48E5-BDB5-3E42C7125129}.Debug|x64.ActiveCfg = Debug|Any CPU
		{69CB0B7B-C39F-48E5-BDB5-3E42C7125129}.Debug|x64.Build.0 = Debug|Any CPU
		{69CB0B7B-C39F-48E5-BDB5-3E42C7125129}.Debug|x86.ActiveCfg = Debug|Any CPU
		{69CB0B7B-C39F-48E5-BDB5-3E42C7125129}.Debug|x86.Build.0 = Debug|Any CPU
		{69CB0B7B-C39F-48E5-BDB5-3E42C7125129}.Release|Any CPU.ActiveCfg = Release|Any CPU
		{69CB0B7B-C39F-48E5-BDB5-3E42C7125129}.Release|Any CPU.Build.0 = Release|Any CPU
		{69CB0B7B-C39F-48E5-BDB5-3E42C7125129}.Release|x64.ActiveCfg = Release|Any CPU
		{69CB0B7B-C39F-48E5-BDB5-3E42C7125129}.Release|x64.Build.0 = Release|Any CPU
		{69CB0B7B-C39F-48E5-BDB5-3E42C7125129}.Release|x86.ActiveCfg = Release|Any CPU
		{69CB0B7B-C39F-48E5-BDB5-3E42C7125129}.Release|x86.Build.0 = Release|Any CPU
		{FA725199-DED0-48A5-A94A-4FE2ED5FA048}.Debug|Any CPU.ActiveCfg = Debug|Any CPU
		{FA725199-DED0-48A5-A94A-4FE2ED5FA048}.Debug|Any CPU.Build.0 = Debug|Any CPU
		{FA725199-DED0-48A5-A94A-4FE2ED5FA048}.Debug|x64.ActiveCfg = Debug|Any CPU
		{FA725199-DED0-48A5-A94A-4FE2ED5FA048}.Debug|x64.Build.0 = Debug|Any CPU
		{FA725199-DED0-48A5-A94A-4FE2ED5FA048}.Debug|x86.ActiveCfg = Debug|Any CPU
		{FA725199-DED0-48A5-A94A-4FE2ED5FA048}.Debug|x86.Build.0 = Debug|Any CPU
		{FA725199-DED0-48A5-A94A-4FE2ED5FA048}.Release|Any CPU.ActiveCfg = Release|Any CPU
		{FA725199-DED0-48A5-A94A-4FE2ED5FA048}.Release|Any CPU.Build.0 = Release|Any CPU
		{FA725199-DED0-48A5-A94A-4FE2ED5FA048}.Release|x64.ActiveCfg = Release|Any CPU
		{FA725199-DED0-48A5-A94A-4FE2ED5FA048}.Release|x64.Build.0 = Release|Any CPU
		{FA725199-DED0-48A5-A94A-4FE2ED5FA048}.Release|x86.ActiveCfg = Release|Any CPU
		{FA725199-DED0-48A5-A94A-4FE2ED5FA048}.Release|x86.Build.0 = Release|Any CPU
		{C7055272-775C-4CE5-A22E-9D694881E222}.Debug|Any CPU.ActiveCfg = Debug|Any CPU
		{C7055272-775C-4CE5-A22E-9D694881E222}.Debug|Any CPU.Build.0 = Debug|Any CPU
		{C7055272-775C-4CE5-A22E-9D694881E222}.Debug|x64.ActiveCfg = Debug|Any CPU
		{C7055272-775C-4CE5-A22E-9D694881E222}.Debug|x64.Build.0 = Debug|Any CPU
		{C7055272-775C-4CE5-A22E-9D694881E222}.Debug|x86.ActiveCfg = Debug|Any CPU
		{C7055272-775C-4CE5-A22E-9D694881E222}.Debug|x86.Build.0 = Debug|Any CPU
		{C7055272-775C-4CE5-A22E-9D694881E222}.Release|Any CPU.ActiveCfg = Release|Any CPU
		{C7055272-775C-4CE5-A22E-9D694881E222}.Release|Any CPU.Build.0 = Release|Any CPU
		{C7055272-775C-4CE5-A22E-9D694881E222}.Release|x64.ActiveCfg = Release|Any CPU
		{C7055272-775C-4CE5-A22E-9D694881E222}.Release|x64.Build.0 = Release|Any CPU
		{C7055272-775C-4CE5-A22E-9D694881E222}.Release|x86.ActiveCfg = Release|Any CPU
		{C7055272-775C-4CE5-A22E-9D694881E222}.Release|x86.Build.0 = Release|Any CPU
		{E80F9CE4-505B-4C18-A01F-6341B7E48AA9}.Debug|Any CPU.ActiveCfg = Debug|Any CPU
		{E80F9CE4-505B-4C18-A01F-6341B7E48AA9}.Debug|Any CPU.Build.0 = Debug|Any CPU
		{E80F9CE4-505B-4C18-A01F-6341B7E48AA9}.Debug|x64.ActiveCfg = Debug|Any CPU
		{E80F9CE4-505B-4C18-A01F-6341B7E48AA9}.Debug|x64.Build.0 = Debug|Any CPU
		{E80F9CE4-505B-4C18-A01F-6341B7E48AA9}.Debug|x86.ActiveCfg = Debug|Any CPU
		{E80F9CE4-505B-4C18-A01F-6341B7E48AA9}.Debug|x86.Build.0 = Debug|Any CPU
		{E80F9CE4-505B-4C18-A01F-6341B7E48AA9}.Release|Any CPU.ActiveCfg = Release|Any CPU
		{E80F9CE4-505B-4C18-A01F-6341B7E48AA9}.Release|Any CPU.Build.0 = Release|Any CPU
		{E80F9CE4-505B-4C18-A01F-6341B7E48AA9}.Release|x64.ActiveCfg = Release|Any CPU
		{E80F9CE4-505B-4C18-A01F-6341B7E48AA9}.Release|x64.Build.0 = Release|Any CPU
		{E80F9CE4-505B-4C18-A01F-6341B7E48AA9}.Release|x86.ActiveCfg = Release|Any CPU
		{E80F9CE4-505B-4C18-A01F-6341B7E48AA9}.Release|x86.Build.0 = Release|Any CPU
		{6F2796BC-62A4-43B9-9237-5DA2A38EE6F8}.Debug|Any CPU.ActiveCfg = Debug|Any CPU
		{6F2796BC-62A4-43B9-9237-5DA2A38EE6F8}.Debug|Any CPU.Build.0 = Debug|Any CPU
		{6F2796BC-62A4-43B9-9237-5DA2A38EE6F8}.Debug|x64.ActiveCfg = Debug|Any CPU
		{6F2796BC-62A4-43B9-9237-5DA2A38EE6F8}.Debug|x64.Build.0 = Debug|Any CPU
		{6F2796BC-62A4-43B9-9237-5DA2A38EE6F8}.Debug|x86.ActiveCfg = Debug|Any CPU
		{6F2796BC-62A4-43B9-9237-5DA2A38EE6F8}.Debug|x86.Build.0 = Debug|Any CPU
		{6F2796BC-62A4-43B9-9237-5DA2A38EE6F8}.Release|Any CPU.ActiveCfg = Release|Any CPU
		{6F2796BC-62A4-43B9-9237-5DA2A38EE6F8}.Release|Any CPU.Build.0 = Release|Any CPU
		{6F2796BC-62A4-43B9-9237-5DA2A38EE6F8}.Release|x64.ActiveCfg = Release|Any CPU
		{6F2796BC-62A4-43B9-9237-5DA2A38EE6F8}.Release|x64.Build.0 = Release|Any CPU
		{6F2796BC-62A4-43B9-9237-5DA2A38EE6F8}.Release|x86.ActiveCfg = Release|Any CPU
		{6F2796BC-62A4-43B9-9237-5DA2A38EE6F8}.Release|x86.Build.0 = Release|Any CPU
		{F977E8CA-30C7-409D-B7A3-72D8A7BF0599}.Debug|Any CPU.ActiveCfg = Debug|Any CPU
		{F977E8CA-30C7-409D-B7A3-72D8A7BF0599}.Debug|Any CPU.Build.0 = Debug|Any CPU
		{F977E8CA-30C7-409D-B7A3-72D8A7BF0599}.Debug|x64.ActiveCfg = Debug|Any CPU
		{F977E8CA-30C7-409D-B7A3-72D8A7BF0599}.Debug|x64.Build.0 = Debug|Any CPU
		{F977E8CA-30C7-409D-B7A3-72D8A7BF0599}.Debug|x86.ActiveCfg = Debug|Any CPU
		{F977E8CA-30C7-409D-B7A3-72D8A7BF0599}.Debug|x86.Build.0 = Debug|Any CPU
		{F977E8CA-30C7-409D-B7A3-72D8A7BF0599}.Release|Any CPU.ActiveCfg = Release|Any CPU
		{F977E8CA-30C7-409D-B7A3-72D8A7BF0599}.Release|Any CPU.Build.0 = Release|Any CPU
		{F977E8CA-30C7-409D-B7A3-72D8A7BF0599}.Release|x64.ActiveCfg = Release|Any CPU
		{F977E8CA-30C7-409D-B7A3-72D8A7BF0599}.Release|x64.Build.0 = Release|Any CPU
		{F977E8CA-30C7-409D-B7A3-72D8A7BF0599}.Release|x86.ActiveCfg = Release|Any CPU
		{F977E8CA-30C7-409D-B7A3-72D8A7BF0599}.Release|x86.Build.0 = Release|Any CPU
		{1FB4CA3A-82EA-447B-B58D-B4E6A5308081}.Debug|Any CPU.ActiveCfg = Debug|Any CPU
		{1FB4CA3A-82EA-447B-B58D-B4E6A5308081}.Debug|Any CPU.Build.0 = Debug|Any CPU
		{1FB4CA3A-82EA-447B-B58D-B4E6A5308081}.Debug|x64.ActiveCfg = Debug|Any CPU
		{1FB4CA3A-82EA-447B-B58D-B4E6A5308081}.Debug|x64.Build.0 = Debug|Any CPU
		{1FB4CA3A-82EA-447B-B58D-B4E6A5308081}.Debug|x86.ActiveCfg = Debug|Any CPU
		{1FB4CA3A-82EA-447B-B58D-B4E6A5308081}.Debug|x86.Build.0 = Debug|Any CPU
		{1FB4CA3A-82EA-447B-B58D-B4E6A5308081}.Release|Any CPU.ActiveCfg = Release|Any CPU
		{1FB4CA3A-82EA-447B-B58D-B4E6A5308081}.Release|Any CPU.Build.0 = Release|Any CPU
		{1FB4CA3A-82EA-447B-B58D-B4E6A5308081}.Release|x64.ActiveCfg = Release|Any CPU
		{1FB4CA3A-82EA-447B-B58D-B4E6A5308081}.Release|x64.Build.0 = Release|Any CPU
		{1FB4CA3A-82EA-447B-B58D-B4E6A5308081}.Release|x86.ActiveCfg = Release|Any CPU
		{1FB4CA3A-82EA-447B-B58D-B4E6A5308081}.Release|x86.Build.0 = Release|Any CPU
		{94E8F9F5-DC51-44DB-9FEC-763500E9B865}.Debug|Any CPU.ActiveCfg = Debug|Any CPU
		{94E8F9F5-DC51-44DB-9FEC-763500E9B865}.Debug|Any CPU.Build.0 = Debug|Any CPU
		{94E8F9F5-DC51-44DB-9FEC-763500E9B865}.Debug|x64.ActiveCfg = Debug|Any CPU
		{94E8F9F5-DC51-44DB-9FEC-763500E9B865}.Debug|x64.Build.0 = Debug|Any CPU
		{94E8F9F5-DC51-44DB-9FEC-763500E9B865}.Debug|x86.ActiveCfg = Debug|Any CPU
		{94E8F9F5-DC51-44DB-9FEC-763500E9B865}.Debug|x86.Build.0 = Debug|Any CPU
		{94E8F9F5-DC51-44DB-9FEC-763500E9B865}.Release|Any CPU.ActiveCfg = Release|Any CPU
		{94E8F9F5-DC51-44DB-9FEC-763500E9B865}.Release|Any CPU.Build.0 = Release|Any CPU
		{94E8F9F5-DC51-44DB-9FEC-763500E9B865}.Release|x64.ActiveCfg = Release|Any CPU
		{94E8F9F5-DC51-44DB-9FEC-763500E9B865}.Release|x64.Build.0 = Release|Any CPU
		{94E8F9F5-DC51-44DB-9FEC-763500E9B865}.Release|x86.ActiveCfg = Release|Any CPU
		{94E8F9F5-DC51-44DB-9FEC-763500E9B865}.Release|x86.Build.0 = Release|Any CPU
		{8903549A-AE2D-4256-BA9A-D5AACEF5FB30}.Debug|Any CPU.ActiveCfg = Debug|Any CPU
		{8903549A-AE2D-4256-BA9A-D5AACEF5FB30}.Debug|Any CPU.Build.0 = Debug|Any CPU
		{8903549A-AE2D-4256-BA9A-D5AACEF5FB30}.Debug|x64.ActiveCfg = Debug|Any CPU
		{8903549A-AE2D-4256-BA9A-D5AACEF5FB30}.Debug|x64.Build.0 = Debug|Any CPU
		{8903549A-AE2D-4256-BA9A-D5AACEF5FB30}.Debug|x86.ActiveCfg = Debug|Any CPU
		{8903549A-AE2D-4256-BA9A-D5AACEF5FB30}.Debug|x86.Build.0 = Debug|Any CPU
		{8903549A-AE2D-4256-BA9A-D5AACEF5FB30}.Release|Any CPU.ActiveCfg = Release|Any CPU
		{8903549A-AE2D-4256-BA9A-D5AACEF5FB30}.Release|Any CPU.Build.0 = Release|Any CPU
		{8903549A-AE2D-4256-BA9A-D5AACEF5FB30}.Release|x64.ActiveCfg = Release|Any CPU
		{8903549A-AE2D-4256-BA9A-D5AACEF5FB30}.Release|x64.Build.0 = Release|Any CPU
		{8903549A-AE2D-4256-BA9A-D5AACEF5FB30}.Release|x86.ActiveCfg = Release|Any CPU
		{8903549A-AE2D-4256-BA9A-D5AACEF5FB30}.Release|x86.Build.0 = Release|Any CPU
		{831C29FE-489C-4B55-8CAC-77BB242B3F87}.Debug|Any CPU.ActiveCfg = Debug|Any CPU
		{831C29FE-489C-4B55-8CAC-77BB242B3F87}.Debug|Any CPU.Build.0 = Debug|Any CPU
		{831C29FE-489C-4B55-8CAC-77BB242B3F87}.Debug|x64.ActiveCfg = Debug|Any CPU
		{831C29FE-489C-4B55-8CAC-77BB242B3F87}.Debug|x64.Build.0 = Debug|Any CPU
		{831C29FE-489C-4B55-8CAC-77BB242B3F87}.Debug|x86.ActiveCfg = Debug|Any CPU
		{831C29FE-489C-4B55-8CAC-77BB242B3F87}.Debug|x86.Build.0 = Debug|Any CPU
		{831C29FE-489C-4B55-8CAC-77BB242B3F87}.Release|Any CPU.ActiveCfg = Release|Any CPU
		{831C29FE-489C-4B55-8CAC-77BB242B3F87}.Release|Any CPU.Build.0 = Release|Any CPU
		{831C29FE-489C-4B55-8CAC-77BB242B3F87}.Release|x64.ActiveCfg = Release|Any CPU
		{831C29FE-489C-4B55-8CAC-77BB242B3F87}.Release|x64.Build.0 = Release|Any CPU
		{831C29FE-489C-4B55-8CAC-77BB242B3F87}.Release|x86.ActiveCfg = Release|Any CPU
		{831C29FE-489C-4B55-8CAC-77BB242B3F87}.Release|x86.Build.0 = Release|Any CPU
		{749971C1-F22F-4E84-BACF-000DDB260C17}.Debug|Any CPU.ActiveCfg = Debug|Any CPU
		{749971C1-F22F-4E84-BACF-000DDB260C17}.Debug|Any CPU.Build.0 = Debug|Any CPU
		{749971C1-F22F-4E84-BACF-000DDB260C17}.Debug|x64.ActiveCfg = Debug|Any CPU
		{749971C1-F22F-4E84-BACF-000DDB260C17}.Debug|x64.Build.0 = Debug|Any CPU
		{749971C1-F22F-4E84-BACF-000DDB260C17}.Debug|x86.ActiveCfg = Debug|Any CPU
		{749971C1-F22F-4E84-BACF-000DDB260C17}.Debug|x86.Build.0 = Debug|Any CPU
		{749971C1-F22F-4E84-BACF-000DDB260C17}.Release|Any CPU.ActiveCfg = Release|Any CPU
		{749971C1-F22F-4E84-BACF-000DDB260C17}.Release|Any CPU.Build.0 = Release|Any CPU
		{749971C1-F22F-4E84-BACF-000DDB260C17}.Release|x64.ActiveCfg = Release|Any CPU
		{749971C1-F22F-4E84-BACF-000DDB260C17}.Release|x64.Build.0 = Release|Any CPU
		{749971C1-F22F-4E84-BACF-000DDB260C17}.Release|x86.ActiveCfg = Release|Any CPU
		{749971C1-F22F-4E84-BACF-000DDB260C17}.Release|x86.Build.0 = Release|Any CPU
		{A058A014-C8E6-4B44-BEE5-31B78F546EAC}.Debug|Any CPU.ActiveCfg = Debug|Any CPU
		{A058A014-C8E6-4B44-BEE5-31B78F546EAC}.Debug|Any CPU.Build.0 = Debug|Any CPU
		{A058A014-C8E6-4B44-BEE5-31B78F546EAC}.Debug|x64.ActiveCfg = Debug|Any CPU
		{A058A014-C8E6-4B44-BEE5-31B78F546EAC}.Debug|x64.Build.0 = Debug|Any CPU
		{A058A014-C8E6-4B44-BEE5-31B78F546EAC}.Debug|x86.ActiveCfg = Debug|Any CPU
		{A058A014-C8E6-4B44-BEE5-31B78F546EAC}.Debug|x86.Build.0 = Debug|Any CPU
		{A058A014-C8E6-4B44-BEE5-31B78F546EAC}.Release|Any CPU.ActiveCfg = Release|Any CPU
		{A058A014-C8E6-4B44-BEE5-31B78F546EAC}.Release|Any CPU.Build.0 = Release|Any CPU
		{A058A014-C8E6-4B44-BEE5-31B78F546EAC}.Release|x64.ActiveCfg = Release|Any CPU
		{A058A014-C8E6-4B44-BEE5-31B78F546EAC}.Release|x64.Build.0 = Release|Any CPU
		{A058A014-C8E6-4B44-BEE5-31B78F546EAC}.Release|x86.ActiveCfg = Release|Any CPU
		{A058A014-C8E6-4B44-BEE5-31B78F546EAC}.Release|x86.Build.0 = Release|Any CPU
		{035F7051-795C-43FB-B1B8-9DBC2A9F892E}.Debug|Any CPU.ActiveCfg = Debug|Any CPU
		{035F7051-795C-43FB-B1B8-9DBC2A9F892E}.Debug|Any CPU.Build.0 = Debug|Any CPU
		{035F7051-795C-43FB-B1B8-9DBC2A9F892E}.Debug|x64.ActiveCfg = Debug|Any CPU
		{035F7051-795C-43FB-B1B8-9DBC2A9F892E}.Debug|x64.Build.0 = Debug|Any CPU
		{035F7051-795C-43FB-B1B8-9DBC2A9F892E}.Debug|x86.ActiveCfg = Debug|Any CPU
		{035F7051-795C-43FB-B1B8-9DBC2A9F892E}.Debug|x86.Build.0 = Debug|Any CPU
		{035F7051-795C-43FB-B1B8-9DBC2A9F892E}.Release|Any CPU.ActiveCfg = Release|Any CPU
		{035F7051-795C-43FB-B1B8-9DBC2A9F892E}.Release|Any CPU.Build.0 = Release|Any CPU
		{035F7051-795C-43FB-B1B8-9DBC2A9F892E}.Release|x64.ActiveCfg = Release|Any CPU
		{035F7051-795C-43FB-B1B8-9DBC2A9F892E}.Release|x64.Build.0 = Release|Any CPU
		{035F7051-795C-43FB-B1B8-9DBC2A9F892E}.Release|x86.ActiveCfg = Release|Any CPU
		{035F7051-795C-43FB-B1B8-9DBC2A9F892E}.Release|x86.Build.0 = Release|Any CPU
		{CEA062FD-D430-4488-83E1-EEC4AC08B94C}.Debug|Any CPU.ActiveCfg = Debug|Any CPU
		{CEA062FD-D430-4488-83E1-EEC4AC08B94C}.Debug|Any CPU.Build.0 = Debug|Any CPU
		{CEA062FD-D430-4488-83E1-EEC4AC08B94C}.Debug|x64.ActiveCfg = Debug|Any CPU
		{CEA062FD-D430-4488-83E1-EEC4AC08B94C}.Debug|x64.Build.0 = Debug|Any CPU
		{CEA062FD-D430-4488-83E1-EEC4AC08B94C}.Debug|x86.ActiveCfg = Debug|Any CPU
		{CEA062FD-D430-4488-83E1-EEC4AC08B94C}.Debug|x86.Build.0 = Debug|Any CPU
		{CEA062FD-D430-4488-83E1-EEC4AC08B94C}.Release|Any CPU.ActiveCfg = Release|Any CPU
		{CEA062FD-D430-4488-83E1-EEC4AC08B94C}.Release|Any CPU.Build.0 = Release|Any CPU
		{CEA062FD-D430-4488-83E1-EEC4AC08B94C}.Release|x64.ActiveCfg = Release|Any CPU
		{CEA062FD-D430-4488-83E1-EEC4AC08B94C}.Release|x64.Build.0 = Release|Any CPU
		{CEA062FD-D430-4488-83E1-EEC4AC08B94C}.Release|x86.ActiveCfg = Release|Any CPU
		{CEA062FD-D430-4488-83E1-EEC4AC08B94C}.Release|x86.Build.0 = Release|Any CPU
		{EE41D1CC-B726-4285-BF1F-0C36781957F1}.Debug|Any CPU.ActiveCfg = Debug|Any CPU
		{EE41D1CC-B726-4285-BF1F-0C36781957F1}.Debug|Any CPU.Build.0 = Debug|Any CPU
		{EE41D1CC-B726-4285-BF1F-0C36781957F1}.Debug|x64.ActiveCfg = Debug|Any CPU
		{EE41D1CC-B726-4285-BF1F-0C36781957F1}.Debug|x64.Build.0 = Debug|Any CPU
		{EE41D1CC-B726-4285-BF1F-0C36781957F1}.Debug|x86.ActiveCfg = Debug|Any CPU
		{EE41D1CC-B726-4285-BF1F-0C36781957F1}.Debug|x86.Build.0 = Debug|Any CPU
		{EE41D1CC-B726-4285-BF1F-0C36781957F1}.Release|Any CPU.ActiveCfg = Release|Any CPU
		{EE41D1CC-B726-4285-BF1F-0C36781957F1}.Release|Any CPU.Build.0 = Release|Any CPU
		{EE41D1CC-B726-4285-BF1F-0C36781957F1}.Release|x64.ActiveCfg = Release|Any CPU
		{EE41D1CC-B726-4285-BF1F-0C36781957F1}.Release|x64.Build.0 = Release|Any CPU
		{EE41D1CC-B726-4285-BF1F-0C36781957F1}.Release|x86.ActiveCfg = Release|Any CPU
		{EE41D1CC-B726-4285-BF1F-0C36781957F1}.Release|x86.Build.0 = Release|Any CPU
		{D766E426-1A82-4418-8E42-E58B4DB351A8}.Debug|Any CPU.ActiveCfg = Debug|Any CPU
		{D766E426-1A82-4418-8E42-E58B4DB351A8}.Debug|Any CPU.Build.0 = Debug|Any CPU
		{D766E426-1A82-4418-8E42-E58B4DB351A8}.Debug|x64.ActiveCfg = Debug|Any CPU
		{D766E426-1A82-4418-8E42-E58B4DB351A8}.Debug|x64.Build.0 = Debug|Any CPU
		{D766E426-1A82-4418-8E42-E58B4DB351A8}.Debug|x86.ActiveCfg = Debug|Any CPU
		{D766E426-1A82-4418-8E42-E58B4DB351A8}.Debug|x86.Build.0 = Debug|Any CPU
		{D766E426-1A82-4418-8E42-E58B4DB351A8}.Release|Any CPU.ActiveCfg = Release|Any CPU
		{D766E426-1A82-4418-8E42-E58B4DB351A8}.Release|Any CPU.Build.0 = Release|Any CPU
		{D766E426-1A82-4418-8E42-E58B4DB351A8}.Release|x64.ActiveCfg = Release|Any CPU
		{D766E426-1A82-4418-8E42-E58B4DB351A8}.Release|x64.Build.0 = Release|Any CPU
		{D766E426-1A82-4418-8E42-E58B4DB351A8}.Release|x86.ActiveCfg = Release|Any CPU
		{D766E426-1A82-4418-8E42-E58B4DB351A8}.Release|x86.Build.0 = Release|Any CPU
		{51896DAC-8980-4D57-AC47-C01F496392FC}.Debug|Any CPU.ActiveCfg = Debug|Any CPU
		{51896DAC-8980-4D57-AC47-C01F496392FC}.Debug|Any CPU.Build.0 = Debug|Any CPU
		{51896DAC-8980-4D57-AC47-C01F496392FC}.Debug|x64.ActiveCfg = Debug|Any CPU
		{51896DAC-8980-4D57-AC47-C01F496392FC}.Debug|x64.Build.0 = Debug|Any CPU
		{51896DAC-8980-4D57-AC47-C01F496392FC}.Debug|x86.ActiveCfg = Debug|Any CPU
		{51896DAC-8980-4D57-AC47-C01F496392FC}.Debug|x86.Build.0 = Debug|Any CPU
		{51896DAC-8980-4D57-AC47-C01F496392FC}.Release|Any CPU.ActiveCfg = Release|Any CPU
		{51896DAC-8980-4D57-AC47-C01F496392FC}.Release|Any CPU.Build.0 = Release|Any CPU
		{51896DAC-8980-4D57-AC47-C01F496392FC}.Release|x64.ActiveCfg = Release|Any CPU
		{51896DAC-8980-4D57-AC47-C01F496392FC}.Release|x64.Build.0 = Release|Any CPU
		{51896DAC-8980-4D57-AC47-C01F496392FC}.Release|x86.ActiveCfg = Release|Any CPU
		{51896DAC-8980-4D57-AC47-C01F496392FC}.Release|x86.Build.0 = Release|Any CPU
		{FB33AA0C-4A67-4429-87B8-BE8C2F93EDCD}.Debug|Any CPU.ActiveCfg = Debug|Any CPU
		{FB33AA0C-4A67-4429-87B8-BE8C2F93EDCD}.Debug|Any CPU.Build.0 = Debug|Any CPU
		{FB33AA0C-4A67-4429-87B8-BE8C2F93EDCD}.Debug|x64.ActiveCfg = Debug|Any CPU
		{FB33AA0C-4A67-4429-87B8-BE8C2F93EDCD}.Debug|x64.Build.0 = Debug|Any CPU
		{FB33AA0C-4A67-4429-87B8-BE8C2F93EDCD}.Debug|x86.ActiveCfg = Debug|Any CPU
		{FB33AA0C-4A67-4429-87B8-BE8C2F93EDCD}.Debug|x86.Build.0 = Debug|Any CPU
		{FB33AA0C-4A67-4429-87B8-BE8C2F93EDCD}.Release|Any CPU.ActiveCfg = Release|Any CPU
		{FB33AA0C-4A67-4429-87B8-BE8C2F93EDCD}.Release|Any CPU.Build.0 = Release|Any CPU
		{FB33AA0C-4A67-4429-87B8-BE8C2F93EDCD}.Release|x64.ActiveCfg = Release|Any CPU
		{FB33AA0C-4A67-4429-87B8-BE8C2F93EDCD}.Release|x64.Build.0 = Release|Any CPU
		{FB33AA0C-4A67-4429-87B8-BE8C2F93EDCD}.Release|x86.ActiveCfg = Release|Any CPU
		{FB33AA0C-4A67-4429-87B8-BE8C2F93EDCD}.Release|x86.Build.0 = Release|Any CPU
		{4D61D2A7-CD39-4C79-887C-7109410E681F}.Debug|Any CPU.ActiveCfg = Debug|Any CPU
		{4D61D2A7-CD39-4C79-887C-7109410E681F}.Debug|Any CPU.Build.0 = Debug|Any CPU
		{4D61D2A7-CD39-4C79-887C-7109410E681F}.Debug|x64.ActiveCfg = Debug|Any CPU
		{4D61D2A7-CD39-4C79-887C-7109410E681F}.Debug|x64.Build.0 = Debug|Any CPU
		{4D61D2A7-CD39-4C79-887C-7109410E681F}.Debug|x86.ActiveCfg = Debug|Any CPU
		{4D61D2A7-CD39-4C79-887C-7109410E681F}.Debug|x86.Build.0 = Debug|Any CPU
		{4D61D2A7-CD39-4C79-887C-7109410E681F}.Release|Any CPU.ActiveCfg = Release|Any CPU
		{4D61D2A7-CD39-4C79-887C-7109410E681F}.Release|Any CPU.Build.0 = Release|Any CPU
		{4D61D2A7-CD39-4C79-887C-7109410E681F}.Release|x64.ActiveCfg = Release|Any CPU
		{4D61D2A7-CD39-4C79-887C-7109410E681F}.Release|x64.Build.0 = Release|Any CPU
		{4D61D2A7-CD39-4C79-887C-7109410E681F}.Release|x86.ActiveCfg = Release|Any CPU
		{4D61D2A7-CD39-4C79-887C-7109410E681F}.Release|x86.Build.0 = Release|Any CPU
		{EEB1648E-BE05-4171-A287-6F5202CDF259}.Debug|Any CPU.ActiveCfg = Debug|Any CPU
		{EEB1648E-BE05-4171-A287-6F5202CDF259}.Debug|Any CPU.Build.0 = Debug|Any CPU
		{EEB1648E-BE05-4171-A287-6F5202CDF259}.Debug|x64.ActiveCfg = Debug|Any CPU
		{EEB1648E-BE05-4171-A287-6F5202CDF259}.Debug|x64.Build.0 = Debug|Any CPU
		{EEB1648E-BE05-4171-A287-6F5202CDF259}.Debug|x86.ActiveCfg = Debug|Any CPU
		{EEB1648E-BE05-4171-A287-6F5202CDF259}.Debug|x86.Build.0 = Debug|Any CPU
		{EEB1648E-BE05-4171-A287-6F5202CDF259}.Release|Any CPU.ActiveCfg = Release|Any CPU
		{EEB1648E-BE05-4171-A287-6F5202CDF259}.Release|Any CPU.Build.0 = Release|Any CPU
		{EEB1648E-BE05-4171-A287-6F5202CDF259}.Release|x64.ActiveCfg = Release|Any CPU
		{EEB1648E-BE05-4171-A287-6F5202CDF259}.Release|x64.Build.0 = Release|Any CPU
		{EEB1648E-BE05-4171-A287-6F5202CDF259}.Release|x86.ActiveCfg = Release|Any CPU
		{EEB1648E-BE05-4171-A287-6F5202CDF259}.Release|x86.Build.0 = Release|Any CPU
		{C3725C95-B09D-4893-B4B6-44D22615DA2B}.Debug|Any CPU.ActiveCfg = Debug|Any CPU
		{C3725C95-B09D-4893-B4B6-44D22615DA2B}.Debug|Any CPU.Build.0 = Debug|Any CPU
		{C3725C95-B09D-4893-B4B6-44D22615DA2B}.Debug|x64.ActiveCfg = Debug|Any CPU
		{C3725C95-B09D-4893-B4B6-44D22615DA2B}.Debug|x64.Build.0 = Debug|Any CPU
		{C3725C95-B09D-4893-B4B6-44D22615DA2B}.Debug|x86.ActiveCfg = Debug|Any CPU
		{C3725C95-B09D-4893-B4B6-44D22615DA2B}.Debug|x86.Build.0 = Debug|Any CPU
		{C3725C95-B09D-4893-B4B6-44D22615DA2B}.Release|Any CPU.ActiveCfg = Release|Any CPU
		{C3725C95-B09D-4893-B4B6-44D22615DA2B}.Release|Any CPU.Build.0 = Release|Any CPU
		{C3725C95-B09D-4893-B4B6-44D22615DA2B}.Release|x64.ActiveCfg = Release|Any CPU
		{C3725C95-B09D-4893-B4B6-44D22615DA2B}.Release|x64.Build.0 = Release|Any CPU
		{C3725C95-B09D-4893-B4B6-44D22615DA2B}.Release|x86.ActiveCfg = Release|Any CPU
		{C3725C95-B09D-4893-B4B6-44D22615DA2B}.Release|x86.Build.0 = Release|Any CPU
		{AC38D0AE-551A-4D78-B06A-1D1E7C69A9BA}.Debug|Any CPU.ActiveCfg = Debug|Any CPU
		{AC38D0AE-551A-4D78-B06A-1D1E7C69A9BA}.Debug|Any CPU.Build.0 = Debug|Any CPU
		{AC38D0AE-551A-4D78-B06A-1D1E7C69A9BA}.Debug|x64.ActiveCfg = Debug|Any CPU
		{AC38D0AE-551A-4D78-B06A-1D1E7C69A9BA}.Debug|x64.Build.0 = Debug|Any CPU
		{AC38D0AE-551A-4D78-B06A-1D1E7C69A9BA}.Debug|x86.ActiveCfg = Debug|Any CPU
		{AC38D0AE-551A-4D78-B06A-1D1E7C69A9BA}.Debug|x86.Build.0 = Debug|Any CPU
		{AC38D0AE-551A-4D78-B06A-1D1E7C69A9BA}.Release|Any CPU.ActiveCfg = Release|Any CPU
		{AC38D0AE-551A-4D78-B06A-1D1E7C69A9BA}.Release|Any CPU.Build.0 = Release|Any CPU
		{AC38D0AE-551A-4D78-B06A-1D1E7C69A9BA}.Release|x64.ActiveCfg = Release|Any CPU
		{AC38D0AE-551A-4D78-B06A-1D1E7C69A9BA}.Release|x64.Build.0 = Release|Any CPU
		{AC38D0AE-551A-4D78-B06A-1D1E7C69A9BA}.Release|x86.ActiveCfg = Release|Any CPU
		{AC38D0AE-551A-4D78-B06A-1D1E7C69A9BA}.Release|x86.Build.0 = Release|Any CPU
		{4B3A8D1D-1285-459E-BC43-EC09D7067C96}.Debug|Any CPU.ActiveCfg = Debug|Any CPU
		{4B3A8D1D-1285-459E-BC43-EC09D7067C96}.Debug|Any CPU.Build.0 = Debug|Any CPU
		{4B3A8D1D-1285-459E-BC43-EC09D7067C96}.Debug|x64.ActiveCfg = Debug|Any CPU
		{4B3A8D1D-1285-459E-BC43-EC09D7067C96}.Debug|x64.Build.0 = Debug|Any CPU
		{4B3A8D1D-1285-459E-BC43-EC09D7067C96}.Debug|x86.ActiveCfg = Debug|Any CPU
		{4B3A8D1D-1285-459E-BC43-EC09D7067C96}.Debug|x86.Build.0 = Debug|Any CPU
		{4B3A8D1D-1285-459E-BC43-EC09D7067C96}.Release|Any CPU.ActiveCfg = Release|Any CPU
		{4B3A8D1D-1285-459E-BC43-EC09D7067C96}.Release|Any CPU.Build.0 = Release|Any CPU
		{4B3A8D1D-1285-459E-BC43-EC09D7067C96}.Release|x64.ActiveCfg = Release|Any CPU
		{4B3A8D1D-1285-459E-BC43-EC09D7067C96}.Release|x64.Build.0 = Release|Any CPU
		{4B3A8D1D-1285-459E-BC43-EC09D7067C96}.Release|x86.ActiveCfg = Release|Any CPU
		{4B3A8D1D-1285-459E-BC43-EC09D7067C96}.Release|x86.Build.0 = Release|Any CPU
		{AAE063F6-2DB0-4E3E-8999-E224E97E3D52}.Debug|Any CPU.ActiveCfg = Debug|Any CPU
		{AAE063F6-2DB0-4E3E-8999-E224E97E3D52}.Debug|Any CPU.Build.0 = Debug|Any CPU
		{AAE063F6-2DB0-4E3E-8999-E224E97E3D52}.Debug|x64.ActiveCfg = Debug|Any CPU
		{AAE063F6-2DB0-4E3E-8999-E224E97E3D52}.Debug|x64.Build.0 = Debug|Any CPU
		{AAE063F6-2DB0-4E3E-8999-E224E97E3D52}.Debug|x86.ActiveCfg = Debug|Any CPU
		{AAE063F6-2DB0-4E3E-8999-E224E97E3D52}.Debug|x86.Build.0 = Debug|Any CPU
		{AAE063F6-2DB0-4E3E-8999-E224E97E3D52}.Release|Any CPU.ActiveCfg = Release|Any CPU
		{AAE063F6-2DB0-4E3E-8999-E224E97E3D52}.Release|Any CPU.Build.0 = Release|Any CPU
		{AAE063F6-2DB0-4E3E-8999-E224E97E3D52}.Release|x64.ActiveCfg = Release|Any CPU
		{AAE063F6-2DB0-4E3E-8999-E224E97E3D52}.Release|x64.Build.0 = Release|Any CPU
		{AAE063F6-2DB0-4E3E-8999-E224E97E3D52}.Release|x86.ActiveCfg = Release|Any CPU
		{AAE063F6-2DB0-4E3E-8999-E224E97E3D52}.Release|x86.Build.0 = Release|Any CPU
		{2501278D-9CE9-4033-9CD4-B4C4B2902954}.Debug|Any CPU.ActiveCfg = Debug|Any CPU
		{2501278D-9CE9-4033-9CD4-B4C4B2902954}.Debug|Any CPU.Build.0 = Debug|Any CPU
		{2501278D-9CE9-4033-9CD4-B4C4B2902954}.Debug|x64.ActiveCfg = Debug|Any CPU
		{2501278D-9CE9-4033-9CD4-B4C4B2902954}.Debug|x64.Build.0 = Debug|Any CPU
		{2501278D-9CE9-4033-9CD4-B4C4B2902954}.Debug|x86.ActiveCfg = Debug|Any CPU
		{2501278D-9CE9-4033-9CD4-B4C4B2902954}.Debug|x86.Build.0 = Debug|Any CPU
		{2501278D-9CE9-4033-9CD4-B4C4B2902954}.Release|Any CPU.ActiveCfg = Release|Any CPU
		{2501278D-9CE9-4033-9CD4-B4C4B2902954}.Release|Any CPU.Build.0 = Release|Any CPU
		{2501278D-9CE9-4033-9CD4-B4C4B2902954}.Release|x64.ActiveCfg = Release|Any CPU
		{2501278D-9CE9-4033-9CD4-B4C4B2902954}.Release|x64.Build.0 = Release|Any CPU
		{2501278D-9CE9-4033-9CD4-B4C4B2902954}.Release|x86.ActiveCfg = Release|Any CPU
		{2501278D-9CE9-4033-9CD4-B4C4B2902954}.Release|x86.Build.0 = Release|Any CPU
		{317E6082-4594-4F53-A416-E33557FC8766}.Debug|Any CPU.ActiveCfg = Debug|Any CPU
		{317E6082-4594-4F53-A416-E33557FC8766}.Debug|Any CPU.Build.0 = Debug|Any CPU
		{317E6082-4594-4F53-A416-E33557FC8766}.Debug|x64.ActiveCfg = Debug|Any CPU
		{317E6082-4594-4F53-A416-E33557FC8766}.Debug|x64.Build.0 = Debug|Any CPU
		{317E6082-4594-4F53-A416-E33557FC8766}.Debug|x86.ActiveCfg = Debug|Any CPU
		{317E6082-4594-4F53-A416-E33557FC8766}.Debug|x86.Build.0 = Debug|Any CPU
		{317E6082-4594-4F53-A416-E33557FC8766}.Release|Any CPU.ActiveCfg = Release|Any CPU
		{317E6082-4594-4F53-A416-E33557FC8766}.Release|Any CPU.Build.0 = Release|Any CPU
		{317E6082-4594-4F53-A416-E33557FC8766}.Release|x64.ActiveCfg = Release|Any CPU
		{317E6082-4594-4F53-A416-E33557FC8766}.Release|x64.Build.0 = Release|Any CPU
		{317E6082-4594-4F53-A416-E33557FC8766}.Release|x86.ActiveCfg = Release|Any CPU
		{317E6082-4594-4F53-A416-E33557FC8766}.Release|x86.Build.0 = Release|Any CPU
		{1BA1350B-4E3B-4688-B30C-B5C3733A662A}.Debug|Any CPU.ActiveCfg = Debug|Any CPU
		{1BA1350B-4E3B-4688-B30C-B5C3733A662A}.Debug|Any CPU.Build.0 = Debug|Any CPU
		{1BA1350B-4E3B-4688-B30C-B5C3733A662A}.Debug|x64.ActiveCfg = Debug|Any CPU
		{1BA1350B-4E3B-4688-B30C-B5C3733A662A}.Debug|x64.Build.0 = Debug|Any CPU
		{1BA1350B-4E3B-4688-B30C-B5C3733A662A}.Debug|x86.ActiveCfg = Debug|Any CPU
		{1BA1350B-4E3B-4688-B30C-B5C3733A662A}.Debug|x86.Build.0 = Debug|Any CPU
		{1BA1350B-4E3B-4688-B30C-B5C3733A662A}.Release|Any CPU.ActiveCfg = Release|Any CPU
		{1BA1350B-4E3B-4688-B30C-B5C3733A662A}.Release|Any CPU.Build.0 = Release|Any CPU
		{1BA1350B-4E3B-4688-B30C-B5C3733A662A}.Release|x64.ActiveCfg = Release|Any CPU
		{1BA1350B-4E3B-4688-B30C-B5C3733A662A}.Release|x64.Build.0 = Release|Any CPU
		{1BA1350B-4E3B-4688-B30C-B5C3733A662A}.Release|x86.ActiveCfg = Release|Any CPU
		{1BA1350B-4E3B-4688-B30C-B5C3733A662A}.Release|x86.Build.0 = Release|Any CPU
		{AEA2A836-6A72-4ACA-995D-4EE1836988A6}.Debug|Any CPU.ActiveCfg = Debug|Any CPU
		{AEA2A836-6A72-4ACA-995D-4EE1836988A6}.Debug|Any CPU.Build.0 = Debug|Any CPU
		{AEA2A836-6A72-4ACA-995D-4EE1836988A6}.Debug|x64.ActiveCfg = Debug|Any CPU
		{AEA2A836-6A72-4ACA-995D-4EE1836988A6}.Debug|x64.Build.0 = Debug|Any CPU
		{AEA2A836-6A72-4ACA-995D-4EE1836988A6}.Debug|x86.ActiveCfg = Debug|Any CPU
		{AEA2A836-6A72-4ACA-995D-4EE1836988A6}.Debug|x86.Build.0 = Debug|Any CPU
		{AEA2A836-6A72-4ACA-995D-4EE1836988A6}.Release|Any CPU.ActiveCfg = Release|Any CPU
		{AEA2A836-6A72-4ACA-995D-4EE1836988A6}.Release|Any CPU.Build.0 = Release|Any CPU
		{AEA2A836-6A72-4ACA-995D-4EE1836988A6}.Release|x64.ActiveCfg = Release|Any CPU
		{AEA2A836-6A72-4ACA-995D-4EE1836988A6}.Release|x64.Build.0 = Release|Any CPU
		{AEA2A836-6A72-4ACA-995D-4EE1836988A6}.Release|x86.ActiveCfg = Release|Any CPU
		{AEA2A836-6A72-4ACA-995D-4EE1836988A6}.Release|x86.Build.0 = Release|Any CPU
		{21C3F197-A298-4E84-B0CF-DB3081235FD2}.Debug|Any CPU.ActiveCfg = Debug|Any CPU
		{21C3F197-A298-4E84-B0CF-DB3081235FD2}.Debug|Any CPU.Build.0 = Debug|Any CPU
		{21C3F197-A298-4E84-B0CF-DB3081235FD2}.Debug|x64.ActiveCfg = Debug|Any CPU
		{21C3F197-A298-4E84-B0CF-DB3081235FD2}.Debug|x64.Build.0 = Debug|Any CPU
		{21C3F197-A298-4E84-B0CF-DB3081235FD2}.Debug|x86.ActiveCfg = Debug|Any CPU
		{21C3F197-A298-4E84-B0CF-DB3081235FD2}.Debug|x86.Build.0 = Debug|Any CPU
		{21C3F197-A298-4E84-B0CF-DB3081235FD2}.Release|Any CPU.ActiveCfg = Release|Any CPU
		{21C3F197-A298-4E84-B0CF-DB3081235FD2}.Release|Any CPU.Build.0 = Release|Any CPU
		{21C3F197-A298-4E84-B0CF-DB3081235FD2}.Release|x64.ActiveCfg = Release|Any CPU
		{21C3F197-A298-4E84-B0CF-DB3081235FD2}.Release|x64.Build.0 = Release|Any CPU
		{21C3F197-A298-4E84-B0CF-DB3081235FD2}.Release|x86.ActiveCfg = Release|Any CPU
		{21C3F197-A298-4E84-B0CF-DB3081235FD2}.Release|x86.Build.0 = Release|Any CPU
		{ED67EBC7-0FC2-462F-B3BF-3C459E2C2464}.Debug|Any CPU.ActiveCfg = Debug|Any CPU
		{ED67EBC7-0FC2-462F-B3BF-3C459E2C2464}.Debug|Any CPU.Build.0 = Debug|Any CPU
		{ED67EBC7-0FC2-462F-B3BF-3C459E2C2464}.Debug|x64.ActiveCfg = Debug|Any CPU
		{ED67EBC7-0FC2-462F-B3BF-3C459E2C2464}.Debug|x64.Build.0 = Debug|Any CPU
		{ED67EBC7-0FC2-462F-B3BF-3C459E2C2464}.Debug|x86.ActiveCfg = Debug|Any CPU
		{ED67EBC7-0FC2-462F-B3BF-3C459E2C2464}.Debug|x86.Build.0 = Debug|Any CPU
		{ED67EBC7-0FC2-462F-B3BF-3C459E2C2464}.Release|Any CPU.ActiveCfg = Release|Any CPU
		{ED67EBC7-0FC2-462F-B3BF-3C459E2C2464}.Release|Any CPU.Build.0 = Release|Any CPU
		{ED67EBC7-0FC2-462F-B3BF-3C459E2C2464}.Release|x64.ActiveCfg = Release|Any CPU
		{ED67EBC7-0FC2-462F-B3BF-3C459E2C2464}.Release|x64.Build.0 = Release|Any CPU
		{ED67EBC7-0FC2-462F-B3BF-3C459E2C2464}.Release|x86.ActiveCfg = Release|Any CPU
		{ED67EBC7-0FC2-462F-B3BF-3C459E2C2464}.Release|x86.Build.0 = Release|Any CPU
		{51B603C5-D0F9-4B76-8ACE-A1EDC8C78F1F}.Debug|Any CPU.ActiveCfg = Debug|Any CPU
		{51B603C5-D0F9-4B76-8ACE-A1EDC8C78F1F}.Debug|Any CPU.Build.0 = Debug|Any CPU
		{51B603C5-D0F9-4B76-8ACE-A1EDC8C78F1F}.Debug|x64.ActiveCfg = Debug|Any CPU
		{51B603C5-D0F9-4B76-8ACE-A1EDC8C78F1F}.Debug|x64.Build.0 = Debug|Any CPU
		{51B603C5-D0F9-4B76-8ACE-A1EDC8C78F1F}.Debug|x86.ActiveCfg = Debug|Any CPU
		{51B603C5-D0F9-4B76-8ACE-A1EDC8C78F1F}.Debug|x86.Build.0 = Debug|Any CPU
		{51B603C5-D0F9-4B76-8ACE-A1EDC8C78F1F}.Release|Any CPU.ActiveCfg = Release|Any CPU
		{51B603C5-D0F9-4B76-8ACE-A1EDC8C78F1F}.Release|Any CPU.Build.0 = Release|Any CPU
		{51B603C5-D0F9-4B76-8ACE-A1EDC8C78F1F}.Release|x64.ActiveCfg = Release|Any CPU
		{51B603C5-D0F9-4B76-8ACE-A1EDC8C78F1F}.Release|x64.Build.0 = Release|Any CPU
		{51B603C5-D0F9-4B76-8ACE-A1EDC8C78F1F}.Release|x86.ActiveCfg = Release|Any CPU
		{51B603C5-D0F9-4B76-8ACE-A1EDC8C78F1F}.Release|x86.Build.0 = Release|Any CPU
	EndGlobalSection
	GlobalSection(SolutionProperties) = preSolution
		HideSolutionNode = FALSE
	EndGlobalSection
	GlobalSection(NestedProjects) = preSolution
		{A76A4685-5FC6-4E4D-BAD1-7600902E131E} = {45F210DD-9737-4CBB-9CFD-3DE1620ABE32}
		{289BBA9E-59E6-4582-B073-EAC250090D95} = {18B750F0-0282-488D-91E7-175149D7D314}
		{787A88FF-962D-4D01-AE38-1BC9D9984EA7} = {18B750F0-0282-488D-91E7-175149D7D314}
		{D8BD1811-5E7F-5A40-2F30-1E5E80A2D37B} = {33306CCE-B21F-4D75-8FF8-A179B9391756}
		{25D8A8BC-34A5-4236-8BF2-854887933A6F} = {877CDD8C-D4F8-4F90-B655-41D4766B7128}
		{3F800360-80B7-4287-81ED-18BCA06CB5AC} = {877CDD8C-D4F8-4F90-B655-41D4766B7128}
		{3B358796-5EF1-41C9-A590-94D2F4B6B5E4} = {877CDD8C-D4F8-4F90-B655-41D4766B7128}
		{C18E1929-0A81-459C-858A-49391115A935} = {A213591D-2F06-46E9-B5AE-B1F663074417}
		{ADC6D712-FF9C-4335-93AC-C9103B443512} = {A213591D-2F06-46E9-B5AE-B1F663074417}
		{29620EBA-0C5B-4C66-AA70-EC482B81CE4B} = {A213591D-2F06-46E9-B5AE-B1F663074417}
		{4C1F38D3-C716-95B4-18BD-32257F2F06C6} = {241CEA68-33B1-4638-80A5-1840C527ACB9}
		{02CC2E44-0D92-4C46-9457-D4C70D1AEE31} = {4C1F38D3-C716-95B4-18BD-32257F2F06C6}
		{69CB0B7B-C39F-48E5-BDB5-3E42C7125129} = {4C1F38D3-C716-95B4-18BD-32257F2F06C6}
		{FA725199-DED0-48A5-A94A-4FE2ED5FA048} = {4C1F38D3-C716-95B4-18BD-32257F2F06C6}
		{B4DFD786-7753-49FA-9597-2B7479178191} = {241CEA68-33B1-4638-80A5-1840C527ACB9}
		{C7055272-775C-4CE5-A22E-9D694881E222} = {B4DFD786-7753-49FA-9597-2B7479178191}
		{E80F9CE4-505B-4C18-A01F-6341B7E48AA9} = {B4DFD786-7753-49FA-9597-2B7479178191}
		{6F2796BC-62A4-43B9-9237-5DA2A38EE6F8} = {B4DFD786-7753-49FA-9597-2B7479178191}
		{71D4C46B-03DC-C1ED-B646-114663990D11} = {241CEA68-33B1-4638-80A5-1840C527ACB9}
		{F977E8CA-30C7-409D-B7A3-72D8A7BF0599} = {71D4C46B-03DC-C1ED-B646-114663990D11}
		{1FB4CA3A-82EA-447B-B58D-B4E6A5308081} = {71D4C46B-03DC-C1ED-B646-114663990D11}
		{94E8F9F5-DC51-44DB-9FEC-763500E9B865} = {71D4C46B-03DC-C1ED-B646-114663990D11}
		{95DECB28-18BE-7F62-8CEC-9B3AE82B1CBC} = {241CEA68-33B1-4638-80A5-1840C527ACB9}
		{8903549A-AE2D-4256-BA9A-D5AACEF5FB30} = {95DECB28-18BE-7F62-8CEC-9B3AE82B1CBC}
		{831C29FE-489C-4B55-8CAC-77BB242B3F87} = {95DECB28-18BE-7F62-8CEC-9B3AE82B1CBC}
		{749971C1-F22F-4E84-BACF-000DDB260C17} = {95DECB28-18BE-7F62-8CEC-9B3AE82B1CBC}
		{95FA2522-2B8D-54ED-57E0-8FF821B49A91} = {241CEA68-33B1-4638-80A5-1840C527ACB9}
		{A058A014-C8E6-4B44-BEE5-31B78F546EAC} = {95FA2522-2B8D-54ED-57E0-8FF821B49A91}
		{035F7051-795C-43FB-B1B8-9DBC2A9F892E} = {95FA2522-2B8D-54ED-57E0-8FF821B49A91}
		{CEA062FD-D430-4488-83E1-EEC4AC08B94C} = {95FA2522-2B8D-54ED-57E0-8FF821B49A91}
		{3F684D0C-8ECB-245E-6EFA-2D6D061B3E06} = {241CEA68-33B1-4638-80A5-1840C527ACB9}
		{EE41D1CC-B726-4285-BF1F-0C36781957F1} = {3F684D0C-8ECB-245E-6EFA-2D6D061B3E06}
		{D766E426-1A82-4418-8E42-E58B4DB351A8} = {3F684D0C-8ECB-245E-6EFA-2D6D061B3E06}
		{51896DAC-8980-4D57-AC47-C01F496392FC} = {3F684D0C-8ECB-245E-6EFA-2D6D061B3E06}
		{FB33AA0C-4A67-4429-87B8-BE8C2F93EDCD} = {0AB3BF05-4346-4AA6-1389-037BE0695223}
		{4D61D2A7-CD39-4C79-887C-7109410E681F} = {0AB3BF05-4346-4AA6-1389-037BE0695223}
		{EEB1648E-BE05-4171-A287-6F5202CDF259} = {0AB3BF05-4346-4AA6-1389-037BE0695223}
		{C3725C95-B09D-4893-B4B6-44D22615DA2B} = {0AB3BF05-4346-4AA6-1389-037BE0695223}
		{AC38D0AE-551A-4D78-B06A-1D1E7C69A9BA} = {0AB3BF05-4346-4AA6-1389-037BE0695223}
		{4B3A8D1D-1285-459E-BC43-EC09D7067C96} = {0AB3BF05-4346-4AA6-1389-037BE0695223}
		{AAE063F6-2DB0-4E3E-8999-E224E97E3D52} = {0AB3BF05-4346-4AA6-1389-037BE0695223}
		{2501278D-9CE9-4033-9CD4-B4C4B2902954} = {0AB3BF05-4346-4AA6-1389-037BE0695223}
		{A213591D-2F06-46E9-B5AE-B1F663074417} = {241CEA68-33B1-4638-80A5-1840C527ACB9}
		{42CE624E-8FB4-11FE-339D-FA58CAE39C8F} = {241CEA68-33B1-4638-80A5-1840C527ACB9}
		{317E6082-4594-4F53-A416-E33557FC8766} = {42CE624E-8FB4-11FE-339D-FA58CAE39C8F}
		{1BA1350B-4E3B-4688-B30C-B5C3733A662A} = {42CE624E-8FB4-11FE-339D-FA58CAE39C8F}
		{AEA2A836-6A72-4ACA-995D-4EE1836988A6} = {42CE624E-8FB4-11FE-339D-FA58CAE39C8F}
		{21C3F197-A298-4E84-B0CF-DB3081235FD2} = {42CE624E-8FB4-11FE-339D-FA58CAE39C8F}
		{ED67EBC7-0FC2-462F-B3BF-3C459E2C2464} = {0AB3BF05-4346-4AA6-1389-037BE0695223}
		{51B603C5-D0F9-4B76-8ACE-A1EDC8C78F1F} = {0AB3BF05-4346-4AA6-1389-037BE0695223}
	EndGlobalSection
EndGlobal
